
Microsoft Visual Studio Solution File, Format Version 12.00
# Visual Studio 14
VisualStudioVersion = 14.0.25420.1
MinimumVisualStudioVersion = 10.0.40219.1
Project("{8BC9CEB8-8B4A-11D0-8D11-00A0C91BC942}") = "PACBQT", "QT_Test\QT_Test.vcxproj", "{B12702AD-ABFB-343A-A199-8E24837244A3}"
EndProject
Project("{8BC9CEB8-8B4A-11D0-8D11-00A0C91BC942}") = "QT_WebSocketProxyTester", "QT_WebSocketProxyTester\QT_WebSocketProxyTester.vcxproj", "{445F8176-082A-408B-81A3-0093C1079031}"
EndProject
Project("{FAE04EC0-301F-11D3-BF4B-00C04F79EFBC}") = "ProxyScraper", "ProxyScraper\ProxyScraper.csproj", "{E675AC62-7F5B-4CF0-84A6-0FCBDD924671}"
EndProject
Global
	GlobalSection(SolutionConfigurationPlatforms) = preSolution
		Debug|Any CPU = Debug|Any CPU
		Debug|x64 = Debug|x64
		Debug|x86 = Debug|x86
		Release|Any CPU = Release|Any CPU
		Release|x64 = Release|x64
		Release|x86 = Release|x86
	EndGlobalSection
	GlobalSection(ProjectConfigurationPlatforms) = postSolution
		{B12702AD-ABFB-343A-A199-8E24837244A3}.Debug|Any CPU.ActiveCfg = Debug|Win32
		{B12702AD-ABFB-343A-A199-8E24837244A3}.Debug|x64.ActiveCfg = Debug|x64
		{B12702AD-ABFB-343A-A199-8E24837244A3}.Debug|x64.Build.0 = Debug|x64
		{B12702AD-ABFB-343A-A199-8E24837244A3}.Debug|x86.ActiveCfg = Debug|Win32
		{B12702AD-ABFB-343A-A199-8E24837244A3}.Debug|x86.Build.0 = Debug|Win32
		{B12702AD-ABFB-343A-A199-8E24837244A3}.Release|Any CPU.ActiveCfg = Release|Win32
		{B12702AD-ABFB-343A-A199-8E24837244A3}.Release|x64.ActiveCfg = Release|x64
		{B12702AD-ABFB-343A-A199-8E24837244A3}.Release|x64.Build.0 = Release|x64
		{B12702AD-ABFB-343A-A199-8E24837244A3}.Release|x86.ActiveCfg = Release|Win32
		{B12702AD-ABFB-343A-A199-8E24837244A3}.Release|x86.Build.0 = Release|Win32
		{445F8176-082A-408B-81A3-0093C1079031}.Debug|Any CPU.ActiveCfg = Debug|Win32
		{445F8176-082A-408B-81A3-0093C1079031}.Debug|x64.ActiveCfg = Debug|x64
		{445F8176-082A-408B-81A3-0093C1079031}.Debug|x64.Build.0 = Debug|x64
		{445F8176-082A-408B-81A3-0093C1079031}.Debug|x86.ActiveCfg = Debug|Win32
		{445F8176-082A-408B-81A3-0093C1079031}.Debug|x86.Build.0 = Debug|Win32
		{445F8176-082A-408B-81A3-0093C1079031}.Release|Any CPU.ActiveCfg = Release|Win32
		{445F8176-082A-408B-81A3-0093C1079031}.Release|x64.ActiveCfg = Release|x64
		{445F8176-082A-408B-81A3-0093C1079031}.Release|x64.Build.0 = Release|x64
		{445F8176-082A-408B-81A3-0093C1079031}.Release|x86.ActiveCfg = Release|Win32
		{445F8176-082A-408B-81A3-0093C1079031}.Release|x86.Build.0 = Release|Win32
		{E675AC62-7F5B-4CF0-84A6-0FCBDD924671}.Debug|Any CPU.ActiveCfg = Debug|Any CPU
		{E675AC62-7F5B-4CF0-84A6-0FCBDD924671}.Debug|Any CPU.Build.0 = Debug|Any CPU
		{E675AC62-7F5B-4CF0-84A6-0FCBDD924671}.Debug|x64.ActiveCfg = Debug|Any CPU
		{E675AC62-7F5B-4CF0-84A6-0FCBDD924671}.Debug|x64.Build.0 = Debug|Any CPU
		{E675AC62-7F5B-4CF0-84A6-0FCBDD924671}.Debug|x86.ActiveCfg = Debug|Any CPU
		{E675AC62-7F5B-4CF0-84A6-0FCBDD924671}.Debug|x86.Build.0 = Debug|Any CPU
		{E675AC62-7F5B-4CF0-84A6-0FCBDD924671}.Release|Any CPU.ActiveCfg = Release|Any CPU
		{E675AC62-7F5B-4CF0-84A6-0FCBDD924671}.Release|Any CPU.Build.0 = Release|Any CPU
		{E675AC62-7F5B-4CF0-84A6-0FCBDD924671}.Release|x64.ActiveCfg = Release|Any CPU
		{E675AC62-7F5B-4CF0-84A6-0FCBDD924671}.Release|x64.Build.0 = Release|Any CPU
		{E675AC62-7F5B-4CF0-84A6-0FCBDD924671}.Release|x86.ActiveCfg = Release|Any CPU
		{E675AC62-7F5B-4CF0-84A6-0FCBDD924671}.Release|x86.Build.0 = Release|Any CPU
	EndGlobalSection
	GlobalSection(SolutionProperties) = preSolution
		HideSolutionNode = FALSE
	EndGlobalSection
EndGlobal
